github.com/mantyr/packageb v0.0.0-20230814014322-d3ae258b8324 h1:FDWhePNJtyDshUolltToe67nEoVODSdg9aj7F/KbMlc=
github.com/mantyr/packageb v0.0.0-20230814014322-d3ae258b8324/go.mod h1:MkGo1RYj2H1AGHEgXzgzdwmeEr/6updCS0jUT5s4Mk0=
github.com/mantyr/packageb v0.0.1 h1:FDDEpERC54ZTfnLioTOzN7GmVmb3Hpjb9g2BvxyZOYw=
github.com/mantyr/packageb v0.0.1/go.mod h1:MkGo1RYj2H1AGHEgXzgzdwmeEr/6updCS0jUT5s4Mk0=
